
Microsoft Visual Studio Solution File, Format Version 12.00
# Visual Studio Version 17
VisualStudioVersion = 17.9.34728.123
MinimumVisualStudioVersion = 10.0.40219.1
Project("{ProjectGuid1}") = "ProjectName", "ProjectName.csproj", "{ProjectGuid2}"
EndProject
Global
	GlobalSection(SolutionConfigurationPlatforms) = preSolution
		Debug|Any CPU = Debug|Any CPU
		Release|Any CPU = Release|Any CPU
	EndGlobalSection
	GlobalSection(ProjectConfigurationPlatforms) = postSolution
		{ProjectGuid2}.Debug|Any CPU.ActiveCfg = Debug|Any CPU
		{ProjectGuid2}.Debug|Any CPU.Build.0 = Debug|Any CPU
		{ProjectGuid2}.Release|Any CPU.ActiveCfg = Release|Any CPU
		{ProjectGuid2}.Release|Any CPU.Build.0 = Release|Any CPU
	EndGlobalSection
	GlobalSection(SolutionProperties) = preSolution
		HideSolutionNode = FALSE
	EndGlobalSection
	GlobalSection(ExtensibilityGlobals) = postSolution
		SolutionGuid = {ProjectGuid3}
	EndGlobalSection
EndGlobal
